
Microsoft Visual Studio Solution File, Format Version 12.00
# Visual Studio 15
VisualStudioVersion = 15.0.26730.16
MinimumVisualStudioVersion = 10.0.40219.1
Project("{2150E333-8FDC-42A3-9474-1A3956D46DE8}") = "Modules", "Modules", "{607A82E6-F6B6-4F86-A8B8-69E392F01A46}"
EndProject
Project("{2150E333-8FDC-42A3-9474-1A3956D46DE8}") = "User", "User", "{0597DBA5-55CC-400D-8993-83651C1ABAD9}"
EndProject
Project("{2150E333-8FDC-42A3-9474-1A3956D46DE8}") = "Course", "Course", "{DC15C7A0-4C01-49DC-B3EC-F5754AFCAD1D}"
EndProject
Project("{2150E333-8FDC-42A3-9474-1A3956D46DE8}") = "Timetable", "Timetable", "{E352E7C1-37A7-4B9F-B82F-74D324F64602}"
EndProject
Project("{FAE04EC0-301F-11D3-BF4B-00C04F79EFBC}") = "Model.User", "Model.User\Model.User.csproj", "{7DE377D0-F83C-433A-9BF5-F787251457D2}"
EndProject
Project("{FAE04EC0-301F-11D3-BF4B-00C04F79EFBC}") = "Repository.User", "Repository.User\Repository.User.csproj", "{D50A272A-00DD-4DAB-97F5-F8361E4201B3}"
EndProject
Project("{FAE04EC0-301F-11D3-BF4B-00C04F79EFBC}") = "Service.User", "Service.User\Service.User.csproj", "{CD7C1483-205B-48F9-B434-A08C16C16B5A}"
EndProject
Project("{FAE04EC0-301F-11D3-BF4B-00C04F79EFBC}") = "Service.Timetable", "Service.Timetable\Service.Timetable.csproj", "{A2C9BEDC-A463-4899-9909-36A31E674D5E}"
EndProject
Project("{FAE04EC0-301F-11D3-BF4B-00C04F79EFBC}") = "Repository.Timetable", "Repository.Timetable\Repository.Timetable.csproj", "{035FE4A0-B420-4666-B035-B1FA0203EEFB}"
EndProject
Project("{FAE04EC0-301F-11D3-BF4B-00C04F79EFBC}") = "Model.Timetable", "Model.Timetable\Model.Timetable.csproj", "{25A8A918-2120-47C1-875E-29B69A230E93}"
EndProject
Project("{FAE04EC0-301F-11D3-BF4B-00C04F79EFBC}") = "Model.Course", "Model.Course\Model.Course.csproj", "{A9AE53F5-3ED2-4D00-9E84-A012A1F5AF4B}"
EndProject
Project("{FAE04EC0-301F-11D3-BF4B-00C04F79EFBC}") = "Repository.Course", "Repository.Course\Repository.Course.csproj", "{9CA3F54E-C803-4ECA-9D69-64510A3C5C61}"
EndProject
Project("{FAE04EC0-301F-11D3-BF4B-00C04F79EFBC}") = "Service.Course", "Service.Course\Service.Course.csproj", "{A8468DB3-F7CF-4118-9BE2-CDECF8C773ED}"
EndProject
Project("{FAE04EC0-301F-11D3-BF4B-00C04F79EFBC}") = "Server", "Server\Server.csproj", "{213FB5B2-CFFB-4909-958A-A4C377254B5B}"
EndProject
Project("{FAE04EC0-301F-11D3-BF4B-00C04F79EFBC}") = "Gateway.User", "Gateway.User\Gateway.User.csproj", "{54B3292D-7AB2-4A3F-9E22-6F64F2818291}"
EndProject
Project("{FAE04EC0-301F-11D3-BF4B-00C04F79EFBC}") = "Gateway.Timetable", "Gateway.Timetable\Gateway.Timetable.csproj", "{43028D30-FA74-4DD3-9853-A4EB9469677F}"
EndProject
Project("{FAE04EC0-301F-11D3-BF4B-00C04F79EFBC}") = "Gateway.Course", "Gateway.Course\Gateway.Course.csproj", "{EBCD1249-B4E8-4ED8-BB47-7B6C06E5E5A5}"
EndProject
Global
	GlobalSection(SolutionConfigurationPlatforms) = preSolution
		Debug|Any CPU = Debug|Any CPU
		Release|Any CPU = Release|Any CPU
	EndGlobalSection
	GlobalSection(ProjectConfigurationPlatforms) = postSolution
		{7DE377D0-F83C-433A-9BF5-F787251457D2}.Debug|Any CPU.ActiveCfg = Debug|Any CPU
		{7DE377D0-F83C-433A-9BF5-F787251457D2}.Debug|Any CPU.Build.0 = Debug|Any CPU
		{7DE377D0-F83C-433A-9BF5-F787251457D2}.Release|Any CPU.ActiveCfg = Release|Any CPU
		{7DE377D0-F83C-433A-9BF5-F787251457D2}.Release|Any CPU.Build.0 = Release|Any CPU
		{D50A272A-00DD-4DAB-97F5-F8361E4201B3}.Debug|Any CPU.ActiveCfg = Debug|Any CPU
		{D50A272A-00DD-4DAB-97F5-F8361E4201B3}.Debug|Any CPU.Build.0 = Debug|Any CPU
		{D50A272A-00DD-4DAB-97F5-F8361E4201B3}.Release|Any CPU.ActiveCfg = Release|Any CPU
		{D50A272A-00DD-4DAB-97F5-F8361E4201B3}.Release|Any CPU.Build.0 = Release|Any CPU
		{CD7C1483-205B-48F9-B434-A08C16C16B5A}.Debug|Any CPU.ActiveCfg = Debug|Any CPU
		{CD7C1483-205B-48F9-B434-A08C16C16B5A}.Debug|Any CPU.Build.0 = Debug|Any CPU
		{CD7C1483-205B-48F9-B434-A08C16C16B5A}.Release|Any CPU.ActiveCfg = Release|Any CPU
		{CD7C1483-205B-48F9-B434-A08C16C16B5A}.Release|Any CPU.Build.0 = Release|Any CPU
		{A2C9BEDC-A463-4899-9909-36A31E674D5E}.Debug|Any CPU.ActiveCfg = Debug|Any CPU
		{A2C9BEDC-A463-4899-9909-36A31E674D5E}.Debug|Any CPU.Build.0 = Debug|Any CPU
		{A2C9BEDC-A463-4899-9909-36A31E674D5E}.Release|Any CPU.ActiveCfg = Release|Any CPU
		{A2C9BEDC-A463-4899-9909-36A31E674D5E}.Release|Any CPU.Build.0 = Release|Any CPU
		{035FE4A0-B420-4666-B035-B1FA0203EEFB}.Debug|Any CPU.ActiveCfg = Debug|Any CPU
		{035FE4A0-B420-4666-B035-B1FA0203EEFB}.Debug|Any CPU.Build.0 = Debug|Any CPU
		{035FE4A0-B420-4666-B035-B1FA0203EEFB}.Release|Any CPU.ActiveCfg = Release|Any CPU
		{035FE4A0-B420-4666-B035-B1FA0203EEFB}.Release|Any CPU.Build.0 = Release|Any CPU
		{25A8A918-2120-47C1-875E-29B69A230E93}.Debug|Any CPU.ActiveCfg = Debug|Any CPU
		{25A8A918-2120-47C1-875E-29B69A230E93}.Debug|Any CPU.Build.0 = Debug|Any CPU
		{25A8A918-2120-47C1-875E-29B69A230E93}.Release|Any CPU.ActiveCfg = Release|Any CPU
		{25A8A918-2120-47C1-875E-29B69A230E93}.Release|Any CPU.Build.0 = Release|Any CPU
		{A9AE53F5-3ED2-4D00-9E84-A012A1F5AF4B}.Debug|Any CPU.ActiveCfg = Debug|Any CPU
		{A9AE53F5-3ED2-4D00-9E84-A012A1F5AF4B}.Debug|Any CPU.Build.0 = Debug|Any CPU
		{A9AE53F5-3ED2-4D00-9E84-A012A1F5AF4B}.Release|Any CPU.ActiveCfg = Release|Any CPU
		{A9AE53F5-3ED2-4D00-9E84-A012A1F5AF4B}.Release|Any CPU.Build.0 = Release|Any CPU
		{9CA3F54E-C803-4ECA-9D69-64510A3C5C61}.Debug|Any CPU.ActiveCfg = Debug|Any CPU
		{9CA3F54E-C803-4ECA-9D69-64510A3C5C61}.Debug|Any CPU.Build.0 = Debug|Any CPU
		{9CA3F54E-C803-4ECA-9D69-64510A3C5C61}.Release|Any CPU.ActiveCfg = Release|Any CPU
		{9CA3F54E-C803-4ECA-9D69-64510A3C5C61}.Release|Any CPU.Build.0 = Release|Any CPU
		{A8468DB3-F7CF-4118-9BE2-CDECF8C773ED}.Debug|Any CPU.ActiveCfg = Debug|Any CPU
		{A8468DB3-F7CF-4118-9BE2-CDECF8C773ED}.Debug|Any CPU.Build.0 = Debug|Any CPU
		{A8468DB3-F7CF-4118-9BE2-CDECF8C773ED}.Release|Any CPU.ActiveCfg = Release|Any CPU
		{A8468DB3-F7CF-4118-9BE2-CDECF8C773ED}.Release|Any CPU.Build.0 = Release|Any CPU
		{213FB5B2-CFFB-4909-958A-A4C377254B5B}.Debug|Any CPU.ActiveCfg = Debug|Any CPU
		{213FB5B2-CFFB-4909-958A-A4C377254B5B}.Debug|Any CPU.Build.0 = Debug|Any CPU
		{213FB5B2-CFFB-4909-958A-A4C377254B5B}.Release|Any CPU.ActiveCfg = Release|Any CPU
		{213FB5B2-CFFB-4909-958A-A4C377254B5B}.Release|Any CPU.Build.0 = Release|Any CPU
		{54B3292D-7AB2-4A3F-9E22-6F64F2818291}.Debug|Any CPU.ActiveCfg = Debug|Any CPU
		{54B3292D-7AB2-4A3F-9E22-6F64F2818291}.Debug|Any CPU.Build.0 = Debug|Any CPU
		{54B3292D-7AB2-4A3F-9E22-6F64F2818291}.Release|Any CPU.ActiveCfg = Release|Any CPU
		{54B3292D-7AB2-4A3F-9E22-6F64F2818291}.Release|Any CPU.Build.0 = Release|Any CPU
		{43028D30-FA74-4DD3-9853-A4EB9469677F}.Debug|Any CPU.ActiveCfg = Debug|Any CPU
		{43028D30-FA74-4DD3-9853-A4EB9469677F}.Debug|Any CPU.Build.0 = Debug|Any CPU
		{43028D30-FA74-4DD3-9853-A4EB9469677F}.Release|Any CPU.ActiveCfg = Release|Any CPU
		{43028D30-FA74-4DD3-9853-A4EB9469677F}.Release|Any CPU.Build.0 = Release|Any CPU
		{EBCD1249-B4E8-4ED8-BB47-7B6C06E5E5A5}.Debug|Any CPU.ActiveCfg = Debug|Any CPU
		{EBCD1249-B4E8-4ED8-BB47-7B6C06E5E5A5}.Debug|Any CPU.Build.0 = Debug|Any CPU
		{EBCD1249-B4E8-4ED8-BB47-7B6C06E5E5A5}.Release|Any CPU.ActiveCfg = Release|Any CPU
		{EBCD1249-B4E8-4ED8-BB47-7B6C06E5E5A5}.Release|Any CPU.Build.0 = Release|Any CPU
	EndGlobalSection
	GlobalSection(SolutionProperties) = preSolution
		HideSolutionNode = FALSE
	EndGlobalSection
	GlobalSection(NestedProjects) = preSolution
		{0597DBA5-55CC-400D-8993-83651C1ABAD9} = {607A82E6-F6B6-4F86-A8B8-69E392F01A46}
		{DC15C7A0-4C01-49DC-B3EC-F5754AFCAD1D} = {607A82E6-F6B6-4F86-A8B8-69E392F01A46}
		{E352E7C1-37A7-4B9F-B82F-74D324F64602} = {607A82E6-F6B6-4F86-A8B8-69E392F01A46}
		{7DE377D0-F83C-433A-9BF5-F787251457D2} = {0597DBA5-55CC-400D-8993-83651C1ABAD9}
		{D50A272A-00DD-4DAB-97F5-F8361E4201B3} = {0597DBA5-55CC-400D-8993-83651C1ABAD9}
		{CD7C1483-205B-48F9-B434-A08C16C16B5A} = {0597DBA5-55CC-400D-8993-83651C1ABAD9}
		{A2C9BEDC-A463-4899-9909-36A31E674D5E} = {E352E7C1-37A7-4B9F-B82F-74D324F64602}
		{035FE4A0-B420-4666-B035-B1FA0203EEFB} = {E352E7C1-37A7-4B9F-B82F-74D324F64602}
		{25A8A918-2120-47C1-875E-29B69A230E93} = {E352E7C1-37A7-4B9F-B82F-74D324F64602}
		{A9AE53F5-3ED2-4D00-9E84-A012A1F5AF4B} = {DC15C7A0-4C01-49DC-B3EC-F5754AFCAD1D}
		{9CA3F54E-C803-4ECA-9D69-64510A3C5C61} = {DC15C7A0-4C01-49DC-B3EC-F5754AFCAD1D}
		{A8468DB3-F7CF-4118-9BE2-CDECF8C773ED} = {DC15C7A0-4C01-49DC-B3EC-F5754AFCAD1D}
		{54B3292D-7AB2-4A3F-9E22-6F64F2818291} = {0597DBA5-55CC-400D-8993-83651C1ABAD9}
		{43028D30-FA74-4DD3-9853-A4EB9469677F} = {E352E7C1-37A7-4B9F-B82F-74D324F64602}
		{EBCD1249-B4E8-4ED8-BB47-7B6C06E5E5A5} = {DC15C7A0-4C01-49DC-B3EC-F5754AFCAD1D}
	EndGlobalSection
	GlobalSection(ExtensibilityGlobals) = postSolution
		SolutionGuid = {D0674679-6B7F-43BB-8581-C75760A7851B}
	EndGlobalSection
EndGlobal
