
Microsoft Visual Studio Solution File, Format Version 12.00
# Visual Studio 15
VisualStudioVersion = 15.0.27004.2005
MinimumVisualStudioVersion = 10.0.40219.1
Project("{2150E333-8FDC-42A3-9474-1A3956D46DE8}") = "Modules", "Modules", "{9A6FC6F3-877B-427F-9DA2-49335A4FAA2B}"
EndProject
Project("{9A19103F-16F7-4668-BE54-9A1E7A4F7556}") = "Server", "Server\Server.csproj", "{464DCB77-AC52-4438-853E-FF6403A676F7}"
	ProjectSection(ProjectDependencies) = postProject
		{A48F54B6-9736-4B90-895B-A974FEF9048A} = {A48F54B6-9736-4B90-895B-A974FEF9048A}
	EndProjectSection
EndProject
Project("{2150E333-8FDC-42A3-9474-1A3956D46DE8}") = "User", "User", "{48395B6B-3865-4FE8-A52C-22D533D4057A}"
EndProject
Project("{2150E333-8FDC-42A3-9474-1A3956D46DE8}") = "Timetable", "Timetable", "{3C48FB0E-1E59-4E75-A7AD-5529AFE4177B}"
EndProject
Project("{2150E333-8FDC-42A3-9474-1A3956D46DE8}") = "Course", "Course", "{46FAC59D-6276-4EF8-BEE4-09E1D3F72D59}"
EndProject
Project("{9A19103F-16F7-4668-BE54-9A1E7A4F7556}") = "Timetable.Data.Model", "Timetable.Data.Model\Timetable.Data.Model.csproj", "{1F0FBAC5-8358-4885-91F8-51A8E3E75A73}"
EndProject
Project("{9A19103F-16F7-4668-BE54-9A1E7A4F7556}") = "Timetable.Data.Access", "Timetable.Data.Access\Timetable.Data.Access.csproj", "{A55FF6EA-1053-432A-945B-BD89E856FCCF}"
EndProject
Project("{9A19103F-16F7-4668-BE54-9A1E7A4F7556}") = "Timetable.Business.Repository", "Timetable.Business.Repository\Timetable.Business.Repository.csproj", "{751D3F1B-1E68-4CF7-9346-A46E6AD1DE4D}"
EndProject
Project("{9A19103F-16F7-4668-BE54-9A1E7A4F7556}") = "Timetable.Business.Service", "Timetable.Business.Service\Timetable.Business.Service.csproj", "{2A05F3C5-7281-4C20-AB21-DF65413732D0}"
EndProject
Project("{9A19103F-16F7-4668-BE54-9A1E7A4F7556}") = "Timetable.Presentation", "Timetable.Presentation\Timetable.Presentation.csproj", "{7C905D13-71C4-45F1-BE73-9F7B0D9FBF6C}"
EndProject
Project("{9A19103F-16F7-4668-BE54-9A1E7A4F7556}") = "Course.Data.Model", "Course.Data.Model\Course.Data.Model.csproj", "{A48F54B6-9736-4B90-895B-A974FEF9048A}"
EndProject
Project("{9A19103F-16F7-4668-BE54-9A1E7A4F7556}") = "Course.Data.Access", "Course.Data.Access\Course.Data.Access.csproj", "{AC067195-B0EF-4110-8DEE-3DAFAFCF9AA9}"
EndProject
Project("{9A19103F-16F7-4668-BE54-9A1E7A4F7556}") = "Course.Business.Repository", "Course.Business.Repository\Course.Business.Repository.csproj", "{888E35D9-6461-411C-8DC3-EA99950BE360}"
EndProject
Project("{9A19103F-16F7-4668-BE54-9A1E7A4F7556}") = "Course.Business.Service", "Course.Business.Service\Course.Business.Service.csproj", "{249D546C-D5F6-4DBD-8EA8-61FE4DD29D15}"
EndProject
Project("{9A19103F-16F7-4668-BE54-9A1E7A4F7556}") = "Course.Presentation", "Course.Presentation\Course.Presentation.csproj", "{613D68BC-87A8-4261-B45D-0B142CC88CD4}"
	ProjectSection(ProjectDependencies) = postProject
		{A48F54B6-9736-4B90-895B-A974FEF9048A} = {A48F54B6-9736-4B90-895B-A974FEF9048A}
	EndProjectSection
EndProject
Project("{9A19103F-16F7-4668-BE54-9A1E7A4F7556}") = "User.Data.Model", "User.Data.Model\User.Data.Model.csproj", "{73A52274-5612-49F4-B59D-859A6C7AA528}"
EndProject
Project("{9A19103F-16F7-4668-BE54-9A1E7A4F7556}") = "User.Data.Access", "User.Data.Access\User.Data.Access.csproj", "{4A7F600A-4F38-4D11-A2F1-431481895C85}"
EndProject
Project("{9A19103F-16F7-4668-BE54-9A1E7A4F7556}") = "User.Business.Repository", "User.Business.Repository\User.Business.Repository.csproj", "{F96CBBB3-10A0-4605-9772-B4E7A1D33795}"
EndProject
Project("{9A19103F-16F7-4668-BE54-9A1E7A4F7556}") = "User.Business.Service", "User.Business.Service\User.Business.Service.csproj", "{5E53D41C-B82C-4BA1-A216-712686839B4F}"
EndProject
Project("{9A19103F-16F7-4668-BE54-9A1E7A4F7556}") = "User.Presentation", "User.Presentation\User.Presentation.csproj", "{883387C3-27B1-4CF6-9F91-AC5089B530DB}"
EndProject
Project("{2150E333-8FDC-42A3-9474-1A3956D46DE8}") = "Test", "Test", "{AEA930FF-FC25-4D22-B764-95EA0BDA3B11}"
EndProject
Project("{9A19103F-16F7-4668-BE54-9A1E7A4F7556}") = "UnitTests", "UnitTests\UnitTests.csproj", "{EE84359F-F620-48C1-A7F0-A4D00A214C7F}"
EndProject
Project("{9A19103F-16F7-4668-BE54-9A1E7A4F7556}") = "IntegrationTests", "IntegrationTests\IntegrationTests.csproj", "{DC3BBE9F-E2F3-44C9-BACE-D134CFF9FD9E}"
EndProject
Global
	GlobalSection(SolutionConfigurationPlatforms) = preSolution
		Debug|Any CPU = Debug|Any CPU
		Release|Any CPU = Release|Any CPU
	EndGlobalSection
	GlobalSection(ProjectConfigurationPlatforms) = postSolution
		{464DCB77-AC52-4438-853E-FF6403A676F7}.Debug|Any CPU.ActiveCfg = Debug|Any CPU
		{464DCB77-AC52-4438-853E-FF6403A676F7}.Debug|Any CPU.Build.0 = Debug|Any CPU
		{464DCB77-AC52-4438-853E-FF6403A676F7}.Release|Any CPU.ActiveCfg = Release|Any CPU
		{464DCB77-AC52-4438-853E-FF6403A676F7}.Release|Any CPU.Build.0 = Release|Any CPU
		{1F0FBAC5-8358-4885-91F8-51A8E3E75A73}.Debug|Any CPU.ActiveCfg = Debug|Any CPU
		{1F0FBAC5-8358-4885-91F8-51A8E3E75A73}.Debug|Any CPU.Build.0 = Debug|Any CPU
		{1F0FBAC5-8358-4885-91F8-51A8E3E75A73}.Release|Any CPU.ActiveCfg = Release|Any CPU
		{1F0FBAC5-8358-4885-91F8-51A8E3E75A73}.Release|Any CPU.Build.0 = Release|Any CPU
		{A55FF6EA-1053-432A-945B-BD89E856FCCF}.Debug|Any CPU.ActiveCfg = Debug|Any CPU
		{A55FF6EA-1053-432A-945B-BD89E856FCCF}.Debug|Any CPU.Build.0 = Debug|Any CPU
		{A55FF6EA-1053-432A-945B-BD89E856FCCF}.Release|Any CPU.ActiveCfg = Release|Any CPU
		{A55FF6EA-1053-432A-945B-BD89E856FCCF}.Release|Any CPU.Build.0 = Release|Any CPU
		{751D3F1B-1E68-4CF7-9346-A46E6AD1DE4D}.Debug|Any CPU.ActiveCfg = Debug|Any CPU
		{751D3F1B-1E68-4CF7-9346-A46E6AD1DE4D}.Debug|Any CPU.Build.0 = Debug|Any CPU
		{751D3F1B-1E68-4CF7-9346-A46E6AD1DE4D}.Release|Any CPU.ActiveCfg = Release|Any CPU
		{751D3F1B-1E68-4CF7-9346-A46E6AD1DE4D}.Release|Any CPU.Build.0 = Release|Any CPU
		{2A05F3C5-7281-4C20-AB21-DF65413732D0}.Debug|Any CPU.ActiveCfg = Debug|Any CPU
		{2A05F3C5-7281-4C20-AB21-DF65413732D0}.Debug|Any CPU.Build.0 = Debug|Any CPU
		{2A05F3C5-7281-4C20-AB21-DF65413732D0}.Release|Any CPU.ActiveCfg = Release|Any CPU
		{2A05F3C5-7281-4C20-AB21-DF65413732D0}.Release|Any CPU.Build.0 = Release|Any CPU
		{7C905D13-71C4-45F1-BE73-9F7B0D9FBF6C}.Debug|Any CPU.ActiveCfg = Debug|Any CPU
		{7C905D13-71C4-45F1-BE73-9F7B0D9FBF6C}.Debug|Any CPU.Build.0 = Debug|Any CPU
		{7C905D13-71C4-45F1-BE73-9F7B0D9FBF6C}.Release|Any CPU.ActiveCfg = Release|Any CPU
		{7C905D13-71C4-45F1-BE73-9F7B0D9FBF6C}.Release|Any CPU.Build.0 = Release|Any CPU
		{A48F54B6-9736-4B90-895B-A974FEF9048A}.Debug|Any CPU.ActiveCfg = Debug|Any CPU
		{A48F54B6-9736-4B90-895B-A974FEF9048A}.Debug|Any CPU.Build.0 = Debug|Any CPU
		{A48F54B6-9736-4B90-895B-A974FEF9048A}.Release|Any CPU.ActiveCfg = Release|Any CPU
		{A48F54B6-9736-4B90-895B-A974FEF9048A}.Release|Any CPU.Build.0 = Release|Any CPU
		{AC067195-B0EF-4110-8DEE-3DAFAFCF9AA9}.Debug|Any CPU.ActiveCfg = Debug|Any CPU
		{AC067195-B0EF-4110-8DEE-3DAFAFCF9AA9}.Debug|Any CPU.Build.0 = Debug|Any CPU
		{AC067195-B0EF-4110-8DEE-3DAFAFCF9AA9}.Release|Any CPU.ActiveCfg = Release|Any CPU
		{AC067195-B0EF-4110-8DEE-3DAFAFCF9AA9}.Release|Any CPU.Build.0 = Release|Any CPU
		{888E35D9-6461-411C-8DC3-EA99950BE360}.Debug|Any CPU.ActiveCfg = Debug|Any CPU
		{888E35D9-6461-411C-8DC3-EA99950BE360}.Debug|Any CPU.Build.0 = Debug|Any CPU
		{888E35D9-6461-411C-8DC3-EA99950BE360}.Release|Any CPU.ActiveCfg = Release|Any CPU
		{888E35D9-6461-411C-8DC3-EA99950BE360}.Release|Any CPU.Build.0 = Release|Any CPU
		{249D546C-D5F6-4DBD-8EA8-61FE4DD29D15}.Debug|Any CPU.ActiveCfg = Debug|Any CPU
		{249D546C-D5F6-4DBD-8EA8-61FE4DD29D15}.Debug|Any CPU.Build.0 = Debug|Any CPU
		{249D546C-D5F6-4DBD-8EA8-61FE4DD29D15}.Release|Any CPU.ActiveCfg = Release|Any CPU
		{249D546C-D5F6-4DBD-8EA8-61FE4DD29D15}.Release|Any CPU.Build.0 = Release|Any CPU
		{613D68BC-87A8-4261-B45D-0B142CC88CD4}.Debug|Any CPU.ActiveCfg = Debug|Any CPU
		{613D68BC-87A8-4261-B45D-0B142CC88CD4}.Debug|Any CPU.Build.0 = Debug|Any CPU
		{613D68BC-87A8-4261-B45D-0B142CC88CD4}.Release|Any CPU.ActiveCfg = Release|Any CPU
		{613D68BC-87A8-4261-B45D-0B142CC88CD4}.Release|Any CPU.Build.0 = Release|Any CPU
		{73A52274-5612-49F4-B59D-859A6C7AA528}.Debug|Any CPU.ActiveCfg = Debug|Any CPU
		{73A52274-5612-49F4-B59D-859A6C7AA528}.Debug|Any CPU.Build.0 = Debug|Any CPU
		{73A52274-5612-49F4-B59D-859A6C7AA528}.Release|Any CPU.ActiveCfg = Release|Any CPU
		{73A52274-5612-49F4-B59D-859A6C7AA528}.Release|Any CPU.Build.0 = Release|Any CPU
		{4A7F600A-4F38-4D11-A2F1-431481895C85}.Debug|Any CPU.ActiveCfg = Debug|Any CPU
		{4A7F600A-4F38-4D11-A2F1-431481895C85}.Debug|Any CPU.Build.0 = Debug|Any CPU
		{4A7F600A-4F38-4D11-A2F1-431481895C85}.Release|Any CPU.ActiveCfg = Release|Any CPU
		{4A7F600A-4F38-4D11-A2F1-431481895C85}.Release|Any CPU.Build.0 = Release|Any CPU
		{F96CBBB3-10A0-4605-9772-B4E7A1D33795}.Debug|Any CPU.ActiveCfg = Debug|Any CPU
		{F96CBBB3-10A0-4605-9772-B4E7A1D33795}.Debug|Any CPU.Build.0 = Debug|Any CPU
		{F96CBBB3-10A0-4605-9772-B4E7A1D33795}.Release|Any CPU.ActiveCfg = Release|Any CPU
		{F96CBBB3-10A0-4605-9772-B4E7A1D33795}.Release|Any CPU.Build.0 = Release|Any CPU
		{5E53D41C-B82C-4BA1-A216-712686839B4F}.Debug|Any CPU.ActiveCfg = Debug|Any CPU
		{5E53D41C-B82C-4BA1-A216-712686839B4F}.Debug|Any CPU.Build.0 = Debug|Any CPU
		{5E53D41C-B82C-4BA1-A216-712686839B4F}.Release|Any CPU.ActiveCfg = Release|Any CPU
		{5E53D41C-B82C-4BA1-A216-712686839B4F}.Release|Any CPU.Build.0 = Release|Any CPU
		{883387C3-27B1-4CF6-9F91-AC5089B530DB}.Debug|Any CPU.ActiveCfg = Debug|Any CPU
		{883387C3-27B1-4CF6-9F91-AC5089B530DB}.Debug|Any CPU.Build.0 = Debug|Any CPU
		{883387C3-27B1-4CF6-9F91-AC5089B530DB}.Release|Any CPU.ActiveCfg = Release|Any CPU
		{883387C3-27B1-4CF6-9F91-AC5089B530DB}.Release|Any CPU.Build.0 = Release|Any CPU
		{EE84359F-F620-48C1-A7F0-A4D00A214C7F}.Debug|Any CPU.ActiveCfg = Debug|Any CPU
		{EE84359F-F620-48C1-A7F0-A4D00A214C7F}.Debug|Any CPU.Build.0 = Debug|Any CPU
		{EE84359F-F620-48C1-A7F0-A4D00A214C7F}.Release|Any CPU.ActiveCfg = Release|Any CPU
		{EE84359F-F620-48C1-A7F0-A4D00A214C7F}.Release|Any CPU.Build.0 = Release|Any CPU
		{DC3BBE9F-E2F3-44C9-BACE-D134CFF9FD9E}.Debug|Any CPU.ActiveCfg = Debug|Any CPU
		{DC3BBE9F-E2F3-44C9-BACE-D134CFF9FD9E}.Debug|Any CPU.Build.0 = Debug|Any CPU
		{DC3BBE9F-E2F3-44C9-BACE-D134CFF9FD9E}.Release|Any CPU.ActiveCfg = Release|Any CPU
		{DC3BBE9F-E2F3-44C9-BACE-D134CFF9FD9E}.Release|Any CPU.Build.0 = Release|Any CPU
	EndGlobalSection
	GlobalSection(SolutionProperties) = preSolution
		HideSolutionNode = FALSE
	EndGlobalSection
	GlobalSection(NestedProjects) = preSolution
		{48395B6B-3865-4FE8-A52C-22D533D4057A} = {9A6FC6F3-877B-427F-9DA2-49335A4FAA2B}
		{3C48FB0E-1E59-4E75-A7AD-5529AFE4177B} = {9A6FC6F3-877B-427F-9DA2-49335A4FAA2B}
		{46FAC59D-6276-4EF8-BEE4-09E1D3F72D59} = {9A6FC6F3-877B-427F-9DA2-49335A4FAA2B}
		{1F0FBAC5-8358-4885-91F8-51A8E3E75A73} = {3C48FB0E-1E59-4E75-A7AD-5529AFE4177B}
		{A55FF6EA-1053-432A-945B-BD89E856FCCF} = {3C48FB0E-1E59-4E75-A7AD-5529AFE4177B}
		{751D3F1B-1E68-4CF7-9346-A46E6AD1DE4D} = {3C48FB0E-1E59-4E75-A7AD-5529AFE4177B}
		{2A05F3C5-7281-4C20-AB21-DF65413732D0} = {3C48FB0E-1E59-4E75-A7AD-5529AFE4177B}
		{7C905D13-71C4-45F1-BE73-9F7B0D9FBF6C} = {3C48FB0E-1E59-4E75-A7AD-5529AFE4177B}
		{A48F54B6-9736-4B90-895B-A974FEF9048A} = {46FAC59D-6276-4EF8-BEE4-09E1D3F72D59}
		{AC067195-B0EF-4110-8DEE-3DAFAFCF9AA9} = {46FAC59D-6276-4EF8-BEE4-09E1D3F72D59}
		{888E35D9-6461-411C-8DC3-EA99950BE360} = {46FAC59D-6276-4EF8-BEE4-09E1D3F72D59}
		{249D546C-D5F6-4DBD-8EA8-61FE4DD29D15} = {46FAC59D-6276-4EF8-BEE4-09E1D3F72D59}
		{613D68BC-87A8-4261-B45D-0B142CC88CD4} = {46FAC59D-6276-4EF8-BEE4-09E1D3F72D59}
		{73A52274-5612-49F4-B59D-859A6C7AA528} = {48395B6B-3865-4FE8-A52C-22D533D4057A}
		{4A7F600A-4F38-4D11-A2F1-431481895C85} = {48395B6B-3865-4FE8-A52C-22D533D4057A}
		{F96CBBB3-10A0-4605-9772-B4E7A1D33795} = {48395B6B-3865-4FE8-A52C-22D533D4057A}
		{5E53D41C-B82C-4BA1-A216-712686839B4F} = {48395B6B-3865-4FE8-A52C-22D533D4057A}
		{883387C3-27B1-4CF6-9F91-AC5089B530DB} = {48395B6B-3865-4FE8-A52C-22D533D4057A}
		{EE84359F-F620-48C1-A7F0-A4D00A214C7F} = {AEA930FF-FC25-4D22-B764-95EA0BDA3B11}
		{DC3BBE9F-E2F3-44C9-BACE-D134CFF9FD9E} = {AEA930FF-FC25-4D22-B764-95EA0BDA3B11}
	EndGlobalSection
	GlobalSection(ExtensibilityGlobals) = postSolution
		SolutionGuid = {5A56F9EA-8604-43CF-8385-A113FF8B2299}
	EndGlobalSection
EndGlobal
